// !$*UTF8*$!
{
	archiveVersion = 1;
	classes = {
	};
	objectVersion = 46;
	objects = {

/* Begin PBXBuildFile section */
		193A0B63179D3C6C00C65291 /* Cocoa.framework in Frameworks */ = {isa = PBXBuildFile; fileRef = 19453D6217901C1100064BC7 /* Cocoa.framework */; };
		193A0B69179D3C6C00C65291 /* InfoPlist.strings in Resources */ = {isa = PBXBuildFile; fileRef = 193A0B67179D3C6C00C65291 /* InfoPlist.strings */; };
		193A0B6C179D3C6C00C65291 /* MRBrewTests.m in Sources */ = {isa = PBXBuildFile; fileRef = 193A0B6B179D3C6C00C65291 /* MRBrewTests.m */; };
		193A0B71179D3C7E00C65291 /* MRBrew.m in Sources */ = {isa = PBXBuildFile; fileRef = 19453D8017901C3700064BC7 /* MRBrew.m */; };
		193A0B72179D3C7E00C65291 /* MRBrewConstants.m in Sources */ = {isa = PBXBuildFile; fileRef = 195EE913179A37A800CB1B04 /* MRBrewConstants.m */; };
		193A0B73179D3C7E00C65291 /* MRBrewFormula.m in Sources */ = {isa = PBXBuildFile; fileRef = 19453D8317901C3700064BC7 /* MRBrewFormula.m */; };
		193A0B74179D3C7E00C65291 /* MRBrewInstallOption.m in Sources */ = {isa = PBXBuildFile; fileRef = 19453D8517901C3700064BC7 /* MRBrewInstallOption.m */; };
		193A0B75179D3C7E00C65291 /* MRBrewOperation.m in Sources */ = {isa = PBXBuildFile; fileRef = 19453D8717901C3700064BC7 /* MRBrewOperation.m */; };
		193A0B78179D3F2F00C65291 /* MRBrewOperationTests.m in Sources */ = {isa = PBXBuildFile; fileRef = 193A0B77179D3F2F00C65291 /* MRBrewOperationTests.m */; };
		193A0B7B179D3F5900C65291 /* MRBrewFormulaTests.m in Sources */ = {isa = PBXBuildFile; fileRef = 193A0B7A179D3F5900C65291 /* MRBrewFormulaTests.m */; };
		19453D6317901C1100064BC7 /* Cocoa.framework in Frameworks */ = {isa = PBXBuildFile; fileRef = 19453D6217901C1100064BC7 /* Cocoa.framework */; };
		19453D6D17901C1100064BC7 /* InfoPlist.strings in Resources */ = {isa = PBXBuildFile; fileRef = 19453D6B17901C1100064BC7 /* InfoPlist.strings */; };
		19453D6F17901C1100064BC7 /* main.m in Sources */ = {isa = PBXBuildFile; fileRef = 19453D6E17901C1100064BC7 /* main.m */; };
		19453D7317901C1100064BC7 /* Credits.rtf in Resources */ = {isa = PBXBuildFile; fileRef = 19453D7117901C1100064BC7 /* Credits.rtf */; };
		19453D7617901C1100064BC7 /* MRAppDelegate.m in Sources */ = {isa = PBXBuildFile; fileRef = 19453D7517901C1100064BC7 /* MRAppDelegate.m */; };
		19453D7917901C1100064BC7 /* MainMenu.xib in Resources */ = {isa = PBXBuildFile; fileRef = 19453D7717901C1100064BC7 /* MainMenu.xib */; };
		19453D8817901C3700064BC7 /* MRBrew.m in Sources */ = {isa = PBXBuildFile; fileRef = 19453D8017901C3700064BC7 /* MRBrew.m */; };
		19453D8917901C3700064BC7 /* MRBrewFormula.m in Sources */ = {isa = PBXBuildFile; fileRef = 19453D8317901C3700064BC7 /* MRBrewFormula.m */; };
		19453D8A17901C3700064BC7 /* MRBrewInstallOption.m in Sources */ = {isa = PBXBuildFile; fileRef = 19453D8517901C3700064BC7 /* MRBrewInstallOption.m */; };
		19453D8B17901C3700064BC7 /* MRBrewOperation.m in Sources */ = {isa = PBXBuildFile; fileRef = 19453D8717901C3700064BC7 /* MRBrewOperation.m */; };
		195EE914179A37A800CB1B04 /* MRBrewConstants.m in Sources */ = {isa = PBXBuildFile; fileRef = 195EE913179A37A800CB1B04 /* MRBrewConstants.m */; };
		196FEF1617B0510100E97597 /* MRBrewWatcher.m in Sources */ = {isa = PBXBuildFile; fileRef = 196FEF1517B0510100E97597 /* MRBrewWatcher.m */; };
		197B2F7A17D676D1000519BF /* MRBrewWorker.m in Sources */ = {isa = PBXBuildFile; fileRef = 197B2F7917D676D1000519BF /* MRBrewWorker.m */; };
		197B2F7B17D68904000519BF /* MRBrewWorker.m in Sources */ = {isa = PBXBuildFile; fileRef = 197B2F7917D676D1000519BF /* MRBrewWorker.m */; };
		19E91B481832F44B00D7E61F /* XCTest.framework in Frameworks */ = {isa = PBXBuildFile; fileRef = 19E91B061832F38C00D7E61F /* XCTest.framework */; };
/* End PBXBuildFile section */

/* Begin PBXFileReference section */
		190B080417B18AAA002F8E20 /* MRBrewWatcherDelegate.h */ = {isa = PBXFileReference; fileEncoding = 4; lastKnownFileType = sourcecode.c.h; path = MRBrewWatcherDelegate.h; sourceTree = "<group>"; };
		193A0B60179D3C6C00C65291 /* MRBrewTests.xctest */ = {isa = PBXFileReference; explicitFileType = wrapper.cfbundle; includeInIndex = 0; path = MRBrewTests.xctest; sourceTree = BUILT_PRODUCTS_DIR; };
		193A0B66179D3C6C00C65291 /* MRBrewTests-Info.plist */ = {isa = PBXFileReference; lastKnownFileType = text.plist.xml; path = "MRBrewTests-Info.plist"; sourceTree = "<group>"; };
		193A0B68179D3C6C00C65291 /* en */ = {isa = PBXFileReference; lastKnownFileType = text.plist.strings; name = en; path = en.lproj/InfoPlist.strings; sourceTree = "<group>"; };
		193A0B6A179D3C6C00C65291 /* MRBrewTests.h */ = {isa = PBXFileReference; lastKnownFileType = sourcecode.c.h; path = MRBrewTests.h; sourceTree = "<group>"; };
		193A0B6B179D3C6C00C65291 /* MRBrewTests.m */ = {isa = PBXFileReference; lastKnownFileType = sourcecode.c.objc; path = MRBrewTests.m; sourceTree = "<group>"; };
		193A0B6D179D3C6C00C65291 /* MRBrewTests-Prefix.pch */ = {isa = PBXFileReference; lastKnownFileType = sourcecode.c.h; path = "MRBrewTests-Prefix.pch"; sourceTree = "<group>"; };
		193A0B76179D3F2F00C65291 /* MRBrewOperationTests.h */ = {isa = PBXFileReference; fileEncoding = 4; lastKnownFileType = sourcecode.c.h; path = MRBrewOperationTests.h; sourceTree = "<group>"; };
		193A0B77179D3F2F00C65291 /* MRBrewOperationTests.m */ = {isa = PBXFileReference; fileEncoding = 4; lastKnownFileType = sourcecode.c.objc; path = MRBrewOperationTests.m; sourceTree = "<group>"; };
		193A0B79179D3F5900C65291 /* MRBrewFormulaTests.h */ = {isa = PBXFileReference; fileEncoding = 4; lastKnownFileType = sourcecode.c.h; path = MRBrewFormulaTests.h; sourceTree = "<group>"; };
		193A0B7A179D3F5900C65291 /* MRBrewFormulaTests.m */ = {isa = PBXFileReference; fileEncoding = 4; lastKnownFileType = sourcecode.c.objc; path = MRBrewFormulaTests.m; sourceTree = "<group>"; };
		19453D5F17901C1100064BC7 /* MRBrew.app */ = {isa = PBXFileReference; explicitFileType = wrapper.application; includeInIndex = 0; path = MRBrew.app; sourceTree = BUILT_PRODUCTS_DIR; };
		19453D6217901C1100064BC7 /* Cocoa.framework */ = {isa = PBXFileReference; lastKnownFileType = wrapper.framework; name = Cocoa.framework; path = System/Library/Frameworks/Cocoa.framework; sourceTree = SDKROOT; };
		19453D6517901C1100064BC7 /* AppKit.framework */ = {isa = PBXFileReference; lastKnownFileType = wrapper.framework; name = AppKit.framework; path = System/Library/Frameworks/AppKit.framework; sourceTree = SDKROOT; };
		19453D6617901C1100064BC7 /* CoreData.framework */ = {isa = PBXFileReference; lastKnownFileType = wrapper.framework; name = CoreData.framework; path = System/Library/Frameworks/CoreData.framework; sourceTree = SDKROOT; };
		19453D6717901C1100064BC7 /* Foundation.framework */ = {isa = PBXFileReference; lastKnownFileType = wrapper.framework; name = Foundation.framework; path = System/Library/Frameworks/Foundation.framework; sourceTree = SDKROOT; };
		19453D6A17901C1100064BC7 /* MRBrew-Info.plist */ = {isa = PBXFileReference; lastKnownFileType = text.plist.xml; path = "MRBrew-Info.plist"; sourceTree = "<group>"; };
		19453D6C17901C1100064BC7 /* en */ = {isa = PBXFileReference; lastKnownFileType = text.plist.strings; name = en; path = en.lproj/InfoPlist.strings; sourceTree = "<group>"; };
		19453D6E17901C1100064BC7 /* main.m */ = {isa = PBXFileReference; lastKnownFileType = sourcecode.c.objc; path = main.m; sourceTree = "<group>"; };
		19453D7017901C1100064BC7 /* MRBrew-Prefix.pch */ = {isa = PBXFileReference; lastKnownFileType = sourcecode.c.h; path = "MRBrew-Prefix.pch"; sourceTree = "<group>"; };
		19453D7217901C1100064BC7 /* en */ = {isa = PBXFileReference; lastKnownFileType = text.rtf; name = en; path = en.lproj/Credits.rtf; sourceTree = "<group>"; };
		19453D7417901C1100064BC7 /* MRAppDelegate.h */ = {isa = PBXFileReference; lastKnownFileType = sourcecode.c.h; path = MRAppDelegate.h; sourceTree = "<group>"; };
		19453D7517901C1100064BC7 /* MRAppDelegate.m */ = {isa = PBXFileReference; lastKnownFileType = sourcecode.c.objc; path = MRAppDelegate.m; sourceTree = "<group>"; };
		19453D7817901C1100064BC7 /* en */ = {isa = PBXFileReference; lastKnownFileType = file.xib; name = en; path = en.lproj/MainMenu.xib; sourceTree = "<group>"; };
		19453D7F17901C3700064BC7 /* MRBrew.h */ = {isa = PBXFileReference; fileEncoding = 4; lastKnownFileType = sourcecode.c.h; path = MRBrew.h; sourceTree = "<group>"; };
		19453D8017901C3700064BC7 /* MRBrew.m */ = {isa = PBXFileReference; fileEncoding = 4; lastKnownFileType = sourcecode.c.objc; path = MRBrew.m; sourceTree = "<group>"; };
		19453D8117901C3700064BC7 /* MRBrewDelegate.h */ = {isa = PBXFileReference; fileEncoding = 4; lastKnownFileType = sourcecode.c.h; path = MRBrewDelegate.h; sourceTree = "<group>"; };
		19453D8217901C3700064BC7 /* MRBrewFormula.h */ = {isa = PBXFileReference; fileEncoding = 4; lastKnownFileType = sourcecode.c.h; path = MRBrewFormula.h; sourceTree = "<group>"; };
		19453D8317901C3700064BC7 /* MRBrewFormula.m */ = {isa = PBXFileReference; fileEncoding = 4; lastKnownFileType = sourcecode.c.objc; path = MRBrewFormula.m; sourceTree = "<group>"; };
		19453D8417901C3700064BC7 /* MRBrewInstallOption.h */ = {isa = PBXFileReference; fileEncoding = 4; lastKnownFileType = sourcecode.c.h; path = MRBrewInstallOption.h; sourceTree = "<group>"; };
		19453D8517901C3700064BC7 /* MRBrewInstallOption.m */ = {isa = PBXFileReference; fileEncoding = 4; lastKnownFileType = sourcecode.c.objc; path = MRBrewInstallOption.m; sourceTree = "<group>"; };
		19453D8617901C3700064BC7 /* MRBrewOperation.h */ = {isa = PBXFileReference; fileEncoding = 4; lastKnownFileType = sourcecode.c.h; path = MRBrewOperation.h; sourceTree = "<group>"; };
		19453D8717901C3700064BC7 /* MRBrewOperation.m */ = {isa = PBXFileReference; fileEncoding = 4; lastKnownFileType = sourcecode.c.objc; path = MRBrewOperation.m; sourceTree = "<group>"; };
		195EE912179A37A800CB1B04 /* MRBrewConstants.h */ = {isa = PBXFileReference; fileEncoding = 4; lastKnownFileType = sourcecode.c.h; path = MRBrewConstants.h; sourceTree = "<group>"; };
		195EE913179A37A800CB1B04 /* MRBrewConstants.m */ = {isa = PBXFileReference; fileEncoding = 4; lastKnownFileType = sourcecode.c.objc; path = MRBrewConstants.m; sourceTree = "<group>"; };
		196FEF1417B0510100E97597 /* MRBrewWatcher.h */ = {isa = PBXFileReference; fileEncoding = 4; lastKnownFileType = sourcecode.c.h; path = MRBrewWatcher.h; sourceTree = "<group>"; };
		196FEF1517B0510100E97597 /* MRBrewWatcher.m */ = {isa = PBXFileReference; fileEncoding = 4; lastKnownFileType = sourcecode.c.objc; path = MRBrewWatcher.m; sourceTree = "<group>"; };
		197B2F7817D676D1000519BF /* MRBrewWorker.h */ = {isa = PBXFileReference; fileEncoding = 4; lastKnownFileType = sourcecode.c.h; path = MRBrewWorker.h; sourceTree = "<group>"; };
		197B2F7917D676D1000519BF /* MRBrewWorker.m */ = {isa = PBXFileReference; fileEncoding = 4; lastKnownFileType = sourcecode.c.objc; path = MRBrewWorker.m; sourceTree = "<group>"; };
		19E91B061832F38C00D7E61F /* XCTest.framework */ = {isa = PBXFileReference; lastKnownFileType = wrapper.framework; name = XCTest.framework; path = Library/Frameworks/XCTest.framework; sourceTree = DEVELOPER_DIR; };
/* End PBXFileReference section */

/* Begin PBXFrameworksBuildPhase section */
		193A0B5C179D3C6C00C65291 /* Frameworks */ = {
			isa = PBXFrameworksBuildPhase;
			buildActionMask = 2147483647;
			files = (
				193A0B63179D3C6C00C65291 /* Cocoa.framework in Frameworks */,
				19E91B481832F44B00D7E61F /* XCTest.framework in Frameworks */,
			);
			runOnlyForDeploymentPostprocessing = 0;
		};
		19453D5C17901C1100064BC7 /* Frameworks */ = {
			isa = PBXFrameworksBuildPhase;
			buildActionMask = 2147483647;
			files = (
				19453D6317901C1100064BC7 /* Cocoa.framework in Frameworks */,
			);
			runOnlyForDeploymentPostprocessing = 0;
		};
/* End PBXFrameworksBuildPhase section */

/* Begin PBXGroup section */
		190B080517B1B89C002F8E20 /* Protocols */ = {
			isa = PBXGroup;
			children = (
				19453D8117901C3700064BC7 /* MRBrewDelegate.h */,
				190B080417B18AAA002F8E20 /* MRBrewWatcherDelegate.h */,
			);
			name = Protocols;
			sourceTree = "<group>";
		};
		193A0B64179D3C6C00C65291 /* MRBrewTests */ = {
			isa = PBXGroup;
			children = (
				193A0B6A179D3C6C00C65291 /* MRBrewTests.h */,
				193A0B6B179D3C6C00C65291 /* MRBrewTests.m */,
				193A0B79179D3F5900C65291 /* MRBrewFormulaTests.h */,
				193A0B7A179D3F5900C65291 /* MRBrewFormulaTests.m */,
				193A0B76179D3F2F00C65291 /* MRBrewOperationTests.h */,
				193A0B77179D3F2F00C65291 /* MRBrewOperationTests.m */,
				193A0B65179D3C6C00C65291 /* Supporting Files */,
			);
			path = MRBrewTests;
			sourceTree = "<group>";
		};
		193A0B65179D3C6C00C65291 /* Supporting Files */ = {
			isa = PBXGroup;
			children = (
				193A0B66179D3C6C00C65291 /* MRBrewTests-Info.plist */,
				193A0B67179D3C6C00C65291 /* InfoPlist.strings */,
				193A0B6D179D3C6C00C65291 /* MRBrewTests-Prefix.pch */,
			);
			name = "Supporting Files";
			sourceTree = "<group>";
		};
		19453D5617901C1100064BC7 = {
			isa = PBXGroup;
			children = (
				19453D6817901C1100064BC7 /* MRBrew */,
				193A0B64179D3C6C00C65291 /* MRBrewTests */,
				19453D6117901C1100064BC7 /* Frameworks */,
				19453D6017901C1100064BC7 /* Products */,
			);
			sourceTree = "<group>";
		};
		19453D6017901C1100064BC7 /* Products */ = {
			isa = PBXGroup;
			children = (
				19453D5F17901C1100064BC7 /* MRBrew.app */,
				193A0B60179D3C6C00C65291 /* MRBrewTests.xctest */,
			);
			name = Products;
			sourceTree = "<group>";
		};
		19453D6117901C1100064BC7 /* Frameworks */ = {
			isa = PBXGroup;
			children = (
				19E91B061832F38C00D7E61F /* XCTest.framework */,
				19453D6217901C1100064BC7 /* Cocoa.framework */,
				19453D6417901C1100064BC7 /* Other Frameworks */,
			);
			name = Frameworks;
			sourceTree = "<group>";
		};
		19453D6417901C1100064BC7 /* Other Frameworks */ = {
			isa = PBXGroup;
			children = (
				19453D6517901C1100064BC7 /* AppKit.framework */,
				19453D6617901C1100064BC7 /* CoreData.framework */,
				19453D6717901C1100064BC7 /* Foundation.framework */,
			);
			name = "Other Frameworks";
			sourceTree = "<group>";
		};
		19453D6817901C1100064BC7 /* MRBrew */ = {
			isa = PBXGroup;
			children = (
				19453D7417901C1100064BC7 /* MRAppDelegate.h */,
				19453D7517901C1100064BC7 /* MRAppDelegate.m */,
				19453D7F17901C3700064BC7 /* MRBrew.h */,
				19453D8017901C3700064BC7 /* MRBrew.m */,
				195EE912179A37A800CB1B04 /* MRBrewConstants.h */,
				195EE913179A37A800CB1B04 /* MRBrewConstants.m */,
				19453D8217901C3700064BC7 /* MRBrewFormula.h */,
				19453D8317901C3700064BC7 /* MRBrewFormula.m */,
				19453D8417901C3700064BC7 /* MRBrewInstallOption.h */,
				19453D8517901C3700064BC7 /* MRBrewInstallOption.m */,
				19453D8617901C3700064BC7 /* MRBrewOperation.h */,
				19453D8717901C3700064BC7 /* MRBrewOperation.m */,
				196FEF1417B0510100E97597 /* MRBrewWatcher.h */,
				196FEF1517B0510100E97597 /* MRBrewWatcher.m */,
				197B2F7817D676D1000519BF /* MRBrewWorker.h */,
				197B2F7917D676D1000519BF /* MRBrewWorker.m */,
				19453D7717901C1100064BC7 /* MainMenu.xib */,
				190B080517B1B89C002F8E20 /* Protocols */,
				19453D6917901C1100064BC7 /* Supporting Files */,
			);
			path = MRBrew;
			sourceTree = "<group>";
		};
		19453D6917901C1100064BC7 /* Supporting Files */ = {
			isa = PBXGroup;
			children = (
				19453D6A17901C1100064BC7 /* MRBrew-Info.plist */,
				19453D6B17901C1100064BC7 /* InfoPlist.strings */,
				19453D6E17901C1100064BC7 /* main.m */,
				19453D7017901C1100064BC7 /* MRBrew-Prefix.pch */,
				19453D7117901C1100064BC7 /* Credits.rtf */,
			);
			name = "Supporting Files";
			sourceTree = "<group>";
		};
/* End PBXGroup section */

/* Begin PBXNativeTarget section */
		193A0B5F179D3C6C00C65291 /* MRBrewTests */ = {
			isa = PBXNativeTarget;
			buildConfigurationList = 193A0B70179D3C6C00C65291 /* Build configuration list for PBXNativeTarget "MRBrewTests" */;
			buildPhases = (
				193A0B5B179D3C6C00C65291 /* Sources */,
				193A0B5C179D3C6C00C65291 /* Frameworks */,
				193A0B5D179D3C6C00C65291 /* Resources */,
				193A0B5E179D3C6C00C65291 /* ShellScript */,
			);
			buildRules = (
			);
			dependencies = (
			);
			name = MRBrewTests;
			productName = MRBrewTests;
			productReference = 193A0B60179D3C6C00C65291 /* MRBrewTests.xctest */;
			productType = "com.apple.product-type.bundle.unit-test";
		};
		19453D5E17901C1100064BC7 /* MRBrew */ = {
			isa = PBXNativeTarget;
			buildConfigurationList = 19453D7C17901C1100064BC7 /* Build configuration list for PBXNativeTarget "MRBrew" */;
			buildPhases = (
				19453D5B17901C1100064BC7 /* Sources */,
				19453D5C17901C1100064BC7 /* Frameworks */,
				19453D5D17901C1100064BC7 /* Resources */,
			);
			buildRules = (
			);
			dependencies = (
			);
			name = MRBrew;
			productName = MRBrew;
			productReference = 19453D5F17901C1100064BC7 /* MRBrew.app */;
			productType = "com.apple.product-type.application";
		};
/* End PBXNativeTarget section */

/* Begin PBXProject section */
		19453D5717901C1100064BC7 /* Project object */ = {
			isa = PBXProject;
			attributes = {
				CLASSPREFIX = MR;
				LastUpgradeCheck = 0460;
				ORGANIZATIONNAME = fidgetbox;
			};
			buildConfigurationList = 19453D5A17901C1100064BC7 /* Build configuration list for PBXProject "MRBrew" */;
			compatibilityVersion = "Xcode 3.2";
			developmentRegion = English;
			hasScannedForEncodings = 0;
			knownRegions = (
				en,
			);
			mainGroup = 19453D5617901C1100064BC7;
			productRefGroup = 19453D6017901C1100064BC7 /* Products */;
			projectDirPath = "";
			projectRoot = "";
			targets = (
				19453D5E17901C1100064BC7 /* MRBrew */,
				193A0B5F179D3C6C00C65291 /* MRBrewTests */,
			);
		};
/* End PBXProject section */

/* Begin PBXResourcesBuildPhase section */
		193A0B5D179D3C6C00C65291 /* Resources */ = {
			isa = PBXResourcesBuildPhase;
			buildActionMask = 2147483647;
			files = (
				193A0B69179D3C6C00C65291 /* InfoPlist.strings in Resources */,
			);
			runOnlyForDeploymentPostprocessing = 0;
		};
		19453D5D17901C1100064BC7 /* Resources */ = {
			isa = PBXResourcesBuildPhase;
			buildActionMask = 2147483647;
			files = (
				19453D6D17901C1100064BC7 /* InfoPlist.strings in Resources */,
				19453D7317901C1100064BC7 /* Credits.rtf in Resources */,
				19453D7917901C1100064BC7 /* MainMenu.xib in Resources */,
			);
			runOnlyForDeploymentPostprocessing = 0;
		};
/* End PBXResourcesBuildPhase section */

/* Begin PBXShellScriptBuildPhase section */
		193A0B5E179D3C6C00C65291 /* ShellScript */ = {
			isa = PBXShellScriptBuildPhase;
			buildActionMask = 2147483647;
			files = (
			);
			inputPaths = (
			);
			outputPaths = (
			);
			runOnlyForDeploymentPostprocessing = 0;
			shellPath = /bin/sh;
			shellScript = "# Run the unit tests in this test bundle.\n\"${SYSTEM_DEVELOPER_DIR}/Tools/RunUnitTests\"\n";
		};
/* End PBXShellScriptBuildPhase section */

/* Begin PBXSourcesBuildPhase section */
		193A0B5B179D3C6C00C65291 /* Sources */ = {
			isa = PBXSourcesBuildPhase;
			buildActionMask = 2147483647;
			files = (
				197B2F7B17D68904000519BF /* MRBrewWorker.m in Sources */,
				193A0B71179D3C7E00C65291 /* MRBrew.m in Sources */,
				193A0B72179D3C7E00C65291 /* MRBrewConstants.m in Sources */,
				193A0B73179D3C7E00C65291 /* MRBrewFormula.m in Sources */,
				193A0B74179D3C7E00C65291 /* MRBrewInstallOption.m in Sources */,
				193A0B75179D3C7E00C65291 /* MRBrewOperation.m in Sources */,
				193A0B6C179D3C6C00C65291 /* MRBrewTests.m in Sources */,
				193A0B78179D3F2F00C65291 /* MRBrewOperationTests.m in Sources */,
				193A0B7B179D3F5900C65291 /* MRBrewFormulaTests.m in Sources */,
			);
			runOnlyForDeploymentPostprocessing = 0;
		};
		19453D5B17901C1100064BC7 /* Sources */ = {
			isa = PBXSourcesBuildPhase;
			buildActionMask = 2147483647;
			files = (
				19453D6F17901C1100064BC7 /* main.m in Sources */,
				19453D7617901C1100064BC7 /* MRAppDelegate.m in Sources */,
				19453D8817901C3700064BC7 /* MRBrew.m in Sources */,
				19453D8917901C3700064BC7 /* MRBrewFormula.m in Sources */,
				19453D8A17901C3700064BC7 /* MRBrewInstallOption.m in Sources */,
				19453D8B17901C3700064BC7 /* MRBrewOperation.m in Sources */,
				195EE914179A37A800CB1B04 /* MRBrewConstants.m in Sources */,
				196FEF1617B0510100E97597 /* MRBrewWatcher.m in Sources */,
				197B2F7A17D676D1000519BF /* MRBrewWorker.m in Sources */,
			);
			runOnlyForDeploymentPostprocessing = 0;
		};
/* End PBXSourcesBuildPhase section */

/* Begin PBXVariantGroup section */
		193A0B67179D3C6C00C65291 /* InfoPlist.strings */ = {
			isa = PBXVariantGroup;
			children = (
				193A0B68179D3C6C00C65291 /* en */,
			);
			name = InfoPlist.strings;
			sourceTree = "<group>";
		};
		19453D6B17901C1100064BC7 /* InfoPlist.strings */ = {
			isa = PBXVariantGroup;
			children = (
				19453D6C17901C1100064BC7 /* en */,
			);
			name = InfoPlist.strings;
			sourceTree = "<group>";
		};
		19453D7117901C1100064BC7 /* Credits.rtf */ = {
			isa = PBXVariantGroup;
			children = (
				19453D7217901C1100064BC7 /* en */,
			);
			name = Credits.rtf;
			sourceTree = "<group>";
		};
		19453D7717901C1100064BC7 /* MainMenu.xib */ = {
			isa = PBXVariantGroup;
			children = (
				19453D7817901C1100064BC7 /* en */,
			);
			name = MainMenu.xib;
			sourceTree = "<group>";
		};
/* End PBXVariantGroup section */

/* Begin XCBuildConfiguration section */
		193A0B6E179D3C6C00C65291 /* Debug */ = {
			isa = XCBuildConfiguration;
			buildSettings = {
				COMBINE_HIDPI_IMAGES = YES;
				FRAMEWORK_SEARCH_PATHS = (
					"\\\"$(DEVELOPER_LIBRARY_DIR)/Frameworks\\\"",
					"$(inherited)",
					"$(DEVELOPER_FRAMEWORKS_DIR)",
				);
				GCC_PRECOMPILE_PREFIX_HEADER = YES;
				GCC_PREFIX_HEADER = "MRBrewTests/MRBrewTests-Prefix.pch";
				INFOPLIST_FILE = "MRBrewTests/MRBrewTests-Info.plist";
				MACOSX_DEPLOYMENT_TARGET = 10.8;
				PRODUCT_NAME = "$(TARGET_NAME)";
			};
			name = Debug;
		};
		193A0B6F179D3C6C00C65291 /* Release */ = {
			isa = XCBuildConfiguration;
			buildSettings = {
				COMBINE_HIDPI_IMAGES = YES;
				FRAMEWORK_SEARCH_PATHS = (
					"\\\"$(DEVELOPER_LIBRARY_DIR)/Frameworks\\\"",
					"$(inherited)",
					"$(DEVELOPER_FRAMEWORKS_DIR)",
				);
				GCC_PRECOMPILE_PREFIX_HEADER = YES;
				GCC_PREFIX_HEADER = "MRBrewTests/MRBrewTests-Prefix.pch";
				INFOPLIST_FILE = "MRBrewTests/MRBrewTests-Info.plist";
				MACOSX_DEPLOYMENT_TARGET = 10.8;
				PRODUCT_NAME = "$(TARGET_NAME)";
			};
			name = Release;
		};
		19453D7A17901C1100064BC7 /* Debug */ = {
			isa = XCBuildConfiguration;
			buildSettings = {
				ALWAYS_SEARCH_USER_PATHS = NO;
				ARCHS = "$(ARCHS_STANDARD_64_BIT)";
				CLANG_CXX_LANGUAGE_STANDARD = "gnu++0x";
				CLANG_CXX_LIBRARY = "libc++";
				CLANG_ENABLE_OBJC_ARC = YES;
				CLANG_WARN_CONSTANT_CONVERSION = YES;
				CLANG_WARN_EMPTY_BODY = YES;
				CLANG_WARN_ENUM_CONVERSION = YES;
				CLANG_WARN_INT_CONVERSION = YES;
				CLANG_WARN__DUPLICATE_METHOD_MATCH = YES;
				COPY_PHASE_STRIP = NO;
				GCC_C_LANGUAGE_STANDARD = gnu99;
				GCC_DYNAMIC_NO_PIC = NO;
				GCC_ENABLE_OBJC_EXCEPTIONS = YES;
				GCC_GENERATE_TEST_COVERAGE_FILES = YES;
				GCC_INSTRUMENT_PROGRAM_FLOW_ARCS = YES;
				GCC_OPTIMIZATION_LEVEL = 0;
				GCC_PREPROCESSOR_DEFINITIONS = (
					"DEBUG=1",
					"$(inherited)",
				);
				GCC_SYMBOLS_PRIVATE_EXTERN = NO;
				GCC_WARN_64_TO_32_BIT_CONVERSION = YES;
				GCC_WARN_ABOUT_RETURN_TYPE = YES;
				GCC_WARN_UNINITIALIZED_AUTOS = YES;
				GCC_WARN_UNUSED_VARIABLE = YES;
				MACOSX_DEPLOYMENT_TARGET = 10.7;
				ONLY_ACTIVE_ARCH = YES;
				SDKROOT = macosx;
			};
			name = Debug;
		};
		19453D7B17901C1100064BC7 /* Release */ = {
			isa = XCBuildConfiguration;
			buildSettings = {
				ALWAYS_SEARCH_USER_PATHS = NO;
				ARCHS = "$(ARCHS_STANDARD_64_BIT)";
				CLANG_CXX_LANGUAGE_STANDARD = "gnu++0x";
				CLANG_CXX_LIBRARY = "libc++";
				CLANG_ENABLE_OBJC_ARC = YES;
				CLANG_WARN_CONSTANT_CONVERSION = YES;
				CLANG_WARN_EMPTY_BODY = YES;
				CLANG_WARN_ENUM_CONVERSION = YES;
				CLANG_WARN_INT_CONVERSION = YES;
				CLANG_WARN__DUPLICATE_METHOD_MATCH = YES;
				COPY_PHASE_STRIP = YES;
				DEBUG_INFORMATION_FORMAT = "dwarf-with-dsym";
				GCC_C_LANGUAGE_STANDARD = gnu99;
				GCC_ENABLE_OBJC_EXCEPTIONS = YES;
				GCC_GENERATE_TEST_COVERAGE_FILES = NO;
				GCC_INSTRUMENT_PROGRAM_FLOW_ARCS = NO;
				GCC_WARN_64_TO_32_BIT_CONVERSION = YES;
				GCC_WARN_ABOUT_RETURN_TYPE = YES;
				GCC_WARN_UNINITIALIZED_AUTOS = YES;
				GCC_WARN_UNUSED_VARIABLE = YES;
				MACOSX_DEPLOYMENT_TARGET = 10.7;
				SDKROOT = macosx;
			};
			name = Release;
		};
		19453D7D17901C1100064BC7 /* Debug */ = {
			isa = XCBuildConfiguration;
			buildSettings = {
				COMBINE_HIDPI_IMAGES = YES;
				FRAMEWORK_SEARCH_PATHS = (
					"$(inherited)",
					"$(DEVELOPER_FRAMEWORKS_DIR)",
				);
				GCC_PRECOMPILE_PREFIX_HEADER = YES;
				GCC_PREFIX_HEADER = "MRBrew/MRBrew-Prefix.pch";
				INFOPLIST_FILE = "MRBrew/MRBrew-Info.plist";
				PRODUCT_NAME = "$(TARGET_NAME)";
				WRAPPER_EXTENSION = app;
			};
			name = Debug;
		};
		19453D7E17901C1100064BC7 /* Release */ = {
			isa = XCBuildConfiguration;
			buildSettings = {
				COMBINE_HIDPI_IMAGES = YES;
				FRAMEWORK_SEARCH_PATHS = (
					"$(inherited)",
					"$(DEVELOPER_FRAMEWORKS_DIR)",
				);
				GCC_PRECOMPILE_PREFIX_HEADER = YES;
				GCC_PREFIX_HEADER = "MRBrew/MRBrew-Prefix.pch";
				INFOPLIST_FILE = "MRBrew/MRBrew-Info.plist";
				PRODUCT_NAME = "$(TARGET_NAME)";
				WRAPPER_EXTENSION = app;
			};
			name = Release;
		};
/* End XCBuildConfiguration section */

/* Begin XCConfigurationList section */
		193A0B70179D3C6C00C65291 /* Build configuration list for PBXNativeTarget "MRBrewTests" */ = {
			isa = XCConfigurationList;
			buildConfigurations = (
				193A0B6E179D3C6C00C65291 /* Debug */,
				193A0B6F179D3C6C00C65291 /* Release */,
			);
			defaultConfigurationIsVisible = 0;
			defaultConfigurationName = Release;
		};
		19453D5A17901C1100064BC7 /* Build configuration list for PBXProject "MRBrew" */ = {
			isa = XCConfigurationList;
			buildConfigurations = (
				19453D7A17901C1100064BC7 /* Debug */,
				19453D7B17901C1100064BC7 /* Release */,
			);
			defaultConfigurationIsVisible = 0;
			defaultConfigurationName = Release;
		};
		19453D7C17901C1100064BC7 /* Build configuration list for PBXNativeTarget "MRBrew" */ = {
			isa = XCConfigurationList;
			buildConfigurations = (
				19453D7D17901C1100064BC7 /* Debug */,
				19453D7E17901C1100064BC7 /* Release */,
			);
			defaultConfigurationIsVisible = 0;
			defaultConfigurationName = Release;
		};
/* End XCConfigurationList section */
	};
	rootObject = 19453D5717901C1100064BC7 /* Project object */;
}
